
Microsoft Visual Studio Solution File, Format Version 12.00
# Visual Studio Version 17
VisualStudioVersion = 17.0.31903.59
MinimumVisualStudioVersion = 10.0.40219.1
Project("{FAE04EC0-301F-11D3-BF4B-00C04F79EFBC}") = "CM", "CM\CM.csproj", "{A3920E98-3914-4171-ACEA-4C68BA777E23}"
EndProject
Project("{FAE04EC0-301F-11D3-BF4B-00C04F79EFBC}") = "CM.Shared", "CM.Shared\CM.Shared.csproj", "{40B3F3A7-ABB9-4378-A7B9-106F68B589FA}"
EndProject
Project("{FAE04EC0-301F-11D3-BF4B-00C04F79EFBC}") = "FSAuth.Core", "..\FSAuthentication\FSAuth.Core\FSAuth.Core.csproj", "{AC71FB15-1957-446B-96DA-471E7B0FBBA1}"
EndProject
Project("{FAE04EC0-301F-11D3-BF4B-00C04F79EFBC}") = "FSCommon.Util", "..\FSCommon.Util\FSCommon.Util.csproj", "{533BD466-18E8-42D9-BB64-E4BB19F70A5C}"
EndProject
Project("{FAE04EC0-301F-11D3-BF4B-00C04F79EFBC}") = "FSDataUtil.Core", "..\FSDataUtil\FSDataUtil.Core\FSDataUtil.Core.csproj", "{A5AED956-3747-40C0-8E0C-2D8E418D1375}"
EndProject
Project("{FAE04EC0-301F-11D3-BF4B-00C04F79EFBC}") = "FSCommon.Blazor", "..\FSCommon.Blazor\FSCommon.Blazor.csproj", "{CA3D9337-CFAE-4034-8439-216F7DACBE49}"
EndProject
Project("{FAE04EC0-301F-11D3-BF4B-00C04F79EFBC}") = "FSDataUtil.Server", "..\FSDataUtil\FSDataUtil.Server\FSDataUtil.Server.csproj", "{1FEDA094-7820-4543-8DC6-6715929367D1}"
EndProject
Project("{FAE04EC0-301F-11D3-BF4B-00C04F79EFBC}") = "FSAuth.Server", "..\FSAuthentication\FSAuth.Server\FSAuth.Server.csproj", "{C2B9F34E-0061-42D1-A44A-817A1C38653E}"
EndProject
Project("{FAE04EC0-301F-11D3-BF4B-00C04F79EFBC}") = "CM.Client", "CM.Client\CM.Client.csproj", "{B57946AF-9C41-4FB4-9063-2068B57272C6}"
EndProject
Project("{FAE04EC0-301F-11D3-BF4B-00C04F79EFBC}") = "CM.UnitTests", "CM.UnitTests\CM.UnitTests.csproj", "{5646AD3F-5349-4B1B-885B-B335070B87A4}"
EndProject
Project("{2150E333-8FDC-42A3-9474-1A3956D46DE8}") = "Framework", "Framework", "{9A0CCAB9-4303-13B4-2371-F1B97FF5B728}"
EndProject
Global
	GlobalSection(SolutionConfigurationPlatforms) = preSolution
		Debug|Any CPU = Debug|Any CPU
		Debug|x64 = Debug|x64
		Debug|x86 = Debug|x86
		Release|Any CPU = Release|Any CPU
		Release|x64 = Release|x64
		Release|x86 = Release|x86
	EndGlobalSection
	GlobalSection(ProjectConfigurationPlatforms) = postSolution
		{A3920E98-3914-4171-ACEA-4C68BA777E23}.Debug|Any CPU.ActiveCfg = Debug|Any CPU
		{A3920E98-3914-4171-ACEA-4C68BA777E23}.Debug|Any CPU.Build.0 = Debug|Any CPU
		{A3920E98-3914-4171-ACEA-4C68BA777E23}.Debug|x64.ActiveCfg = Debug|Any CPU
		{A3920E98-3914-4171-ACEA-4C68BA777E23}.Debug|x64.Build.0 = Debug|Any CPU
		{A3920E98-3914-4171-ACEA-4C68BA777E23}.Debug|x86.ActiveCfg = Debug|Any CPU
		{A3920E98-3914-4171-ACEA-4C68BA777E23}.Debug|x86.Build.0 = Debug|Any CPU
		{A3920E98-3914-4171-ACEA-4C68BA777E23}.Release|Any CPU.ActiveCfg = Release|Any CPU
		{A3920E98-3914-4171-ACEA-4C68BA777E23}.Release|Any CPU.Build.0 = Release|Any CPU
		{A3920E98-3914-4171-ACEA-4C68BA777E23}.Release|x64.ActiveCfg = Release|Any CPU
		{A3920E98-3914-4171-ACEA-4C68BA777E23}.Release|x64.Build.0 = Release|Any CPU
		{A3920E98-3914-4171-ACEA-4C68BA777E23}.Release|x86.ActiveCfg = Release|Any CPU
		{A3920E98-3914-4171-ACEA-4C68BA777E23}.Release|x86.Build.0 = Release|Any CPU
		{40B3F3A7-ABB9-4378-A7B9-106F68B589FA}.Debug|Any CPU.ActiveCfg = Debug|Any CPU
		{40B3F3A7-ABB9-4378-A7B9-106F68B589FA}.Debug|Any CPU.Build.0 = Debug|Any CPU
		{40B3F3A7-ABB9-4378-A7B9-106F68B589FA}.Debug|x64.ActiveCfg = Debug|Any CPU
		{40B3F3A7-ABB9-4378-A7B9-106F68B589FA}.Debug|x64.Build.0 = Debug|Any CPU
		{40B3F3A7-ABB9-4378-A7B9-106F68B589FA}.Debug|x86.ActiveCfg = Debug|Any CPU
		{40B3F3A7-ABB9-4378-A7B9-106F68B589FA}.Debug|x86.Build.0 = Debug|Any CPU
		{40B3F3A7-ABB9-4378-A7B9-106F68B589FA}.Release|Any CPU.ActiveCfg = Release|Any CPU
		{40B3F3A7-ABB9-4378-A7B9-106F68B589FA}.Release|Any CPU.Build.0 = Release|Any CPU
		{40B3F3A7-ABB9-4378-A7B9-106F68B589FA}.Release|x64.ActiveCfg = Release|Any CPU
		{40B3F3A7-ABB9-4378-A7B9-106F68B589FA}.Release|x64.Build.0 = Release|Any CPU
		{40B3F3A7-ABB9-4378-A7B9-106F68B589FA}.Release|x86.ActiveCfg = Release|Any CPU
		{40B3F3A7-ABB9-4378-A7B9-106F68B589FA}.Release|x86.Build.0 = Release|Any CPU
		{AC71FB15-1957-446B-96DA-471E7B0FBBA1}.Debug|Any CPU.ActiveCfg = Debug|Any CPU
		{AC71FB15-1957-446B-96DA-471E7B0FBBA1}.Debug|Any CPU.Build.0 = Debug|Any CPU
		{AC71FB15-1957-446B-96DA-471E7B0FBBA1}.Debug|x64.ActiveCfg = Debug|Any CPU
		{AC71FB15-1957-446B-96DA-471E7B0FBBA1}.Debug|x64.Build.0 = Debug|Any CPU
		{AC71FB15-1957-446B-96DA-471E7B0FBBA1}.Debug|x86.ActiveCfg = Debug|Any CPU
		{AC71FB15-1957-446B-96DA-471E7B0FBBA1}.Debug|x86.Build.0 = Debug|Any CPU
		{AC71FB15-1957-446B-96DA-471E7B0FBBA1}.Release|Any CPU.ActiveCfg = Release|Any CPU
		{AC71FB15-1957-446B-96DA-471E7B0FBBA1}.Release|Any CPU.Build.0 = Release|Any CPU
		{AC71FB15-1957-446B-96DA-471E7B0FBBA1}.Release|x64.ActiveCfg = Release|Any CPU
		{AC71FB15-1957-446B-96DA-471E7B0FBBA1}.Release|x64.Build.0 = Release|Any CPU
		{AC71FB15-1957-446B-96DA-471E7B0FBBA1}.Release|x86.ActiveCfg = Release|Any CPU
		{AC71FB15-1957-446B-96DA-471E7B0FBBA1}.Release|x86.Build.0 = Release|Any CPU
		{533BD466-18E8-42D9-BB64-E4BB19F70A5C}.Debug|Any CPU.ActiveCfg = Debug|Any CPU
		{533BD466-18E8-42D9-BB64-E4BB19F70A5C}.Debug|Any CPU.Build.0 = Debug|Any CPU
		{533BD466-18E8-42D9-BB64-E4BB19F70A5C}.Debug|x64.ActiveCfg = Debug|Any CPU
		{533BD466-18E8-42D9-BB64-E4BB19F70A5C}.Debug|x64.Build.0 = Debug|Any CPU
		{533BD466-18E8-42D9-BB64-E4BB19F70A5C}.Debug|x86.ActiveCfg = Debug|Any CPU
		{533BD466-18E8-42D9-BB64-E4BB19F70A5C}.Debug|x86.Build.0 = Debug|Any CPU
		{533BD466-18E8-42D9-BB64-E4BB19F70A5C}.Release|Any CPU.ActiveCfg = Release|Any CPU
		{533BD466-18E8-42D9-BB64-E4BB19F70A5C}.Release|Any CPU.Build.0 = Release|Any CPU
		{533BD466-18E8-42D9-BB64-E4BB19F70A5C}.Release|x64.ActiveCfg = Release|Any CPU
		{533BD466-18E8-42D9-BB64-E4BB19F70A5C}.Release|x64.Build.0 = Release|Any CPU
		{533BD466-18E8-42D9-BB64-E4BB19F70A5C}.Release|x86.ActiveCfg = Release|Any CPU
		{533BD466-18E8-42D9-BB64-E4BB19F70A5C}.Release|x86.Build.0 = Release|Any CPU
		{A5AED956-3747-40C0-8E0C-2D8E418D1375}.Debug|Any CPU.ActiveCfg = Debug|Any CPU
		{A5AED956-3747-40C0-8E0C-2D8E418D1375}.Debug|Any CPU.Build.0 = Debug|Any CPU
		{A5AED956-3747-40C0-8E0C-2D8E418D1375}.Debug|x64.ActiveCfg = Debug|Any CPU
		{A5AED956-3747-40C0-8E0C-2D8E418D1375}.Debug|x64.Build.0 = Debug|Any CPU
		{A5AED956-3747-40C0-8E0C-2D8E418D1375}.Debug|x86.ActiveCfg = Debug|Any CPU
		{A5AED956-3747-40C0-8E0C-2D8E418D1375}.Debug|x86.Build.0 = Debug|Any CPU
		{A5AED956-3747-40C0-8E0C-2D8E418D1375}.Release|Any CPU.ActiveCfg = Release|Any CPU
		{A5AED956-3747-40C0-8E0C-2D8E418D1375}.Release|Any CPU.Build.0 = Release|Any CPU
		{A5AED956-3747-40C0-8E0C-2D8E418D1375}.Release|x64.ActiveCfg = Release|Any CPU
		{A5AED956-3747-40C0-8E0C-2D8E418D1375}.Release|x64.Build.0 = Release|Any CPU
		{A5AED956-3747-40C0-8E0C-2D8E418D1375}.Release|x86.ActiveCfg = Release|Any CPU
		{A5AED956-3747-40C0-8E0C-2D8E418D1375}.Release|x86.Build.0 = Release|Any CPU
		{CA3D9337-CFAE-4034-8439-216F7DACBE49}.Debug|Any CPU.ActiveCfg = Debug|Any CPU
		{CA3D9337-CFAE-4034-8439-216F7DACBE49}.Debug|Any CPU.Build.0 = Debug|Any CPU
		{CA3D9337-CFAE-4034-8439-216F7DACBE49}.Debug|x64.ActiveCfg = Debug|Any CPU
		{CA3D9337-CFAE-4034-8439-216F7DACBE49}.Debug|x64.Build.0 = Debug|Any CPU
		{CA3D9337-CFAE-4034-8439-216F7DACBE49}.Debug|x86.ActiveCfg = Debug|Any CPU
		{CA3D9337-CFAE-4034-8439-216F7DACBE49}.Debug|x86.Build.0 = Debug|Any CPU
		{CA3D9337-CFAE-4034-8439-216F7DACBE49}.Release|Any CPU.ActiveCfg = Release|Any CPU
		{CA3D9337-CFAE-4034-8439-216F7DACBE49}.Release|Any CPU.Build.0 = Release|Any CPU
		{CA3D9337-CFAE-4034-8439-216F7DACBE49}.Release|x64.ActiveCfg = Release|Any CPU
		{CA3D9337-CFAE-4034-8439-216F7DACBE49}.Release|x64.Build.0 = Release|Any CPU
		{CA3D9337-CFAE-4034-8439-216F7DACBE49}.Release|x86.ActiveCfg = Release|Any CPU
		{CA3D9337-CFAE-4034-8439-216F7DACBE49}.Release|x86.Build.0 = Release|Any CPU
		{1FEDA094-7820-4543-8DC6-6715929367D1}.Debug|Any CPU.ActiveCfg = Debug|Any CPU
		{1FEDA094-7820-4543-8DC6-6715929367D1}.Debug|Any CPU.Build.0 = Debug|Any CPU
		{1FEDA094-7820-4543-8DC6-6715929367D1}.Debug|x64.ActiveCfg = Debug|Any CPU
		{1FEDA094-7820-4543-8DC6-6715929367D1}.Debug|x64.Build.0 = Debug|Any CPU
		{1FEDA094-7820-4543-8DC6-6715929367D1}.Debug|x86.ActiveCfg = Debug|Any CPU
		{1FEDA094-7820-4543-8DC6-6715929367D1}.Debug|x86.Build.0 = Debug|Any CPU
		{1FEDA094-7820-4543-8DC6-6715929367D1}.Release|Any CPU.ActiveCfg = Release|Any CPU
		{1FEDA094-7820-4543-8DC6-6715929367D1}.Release|Any CPU.Build.0 = Release|Any CPU
		{1FEDA094-7820-4543-8DC6-6715929367D1}.Release|x64.ActiveCfg = Release|Any CPU
		{1FEDA094-7820-4543-8DC6-6715929367D1}.Release|x64.Build.0 = Release|Any CPU
		{1FEDA094-7820-4543-8DC6-6715929367D1}.Release|x86.ActiveCfg = Release|Any CPU
		{1FEDA094-7820-4543-8DC6-6715929367D1}.Release|x86.Build.0 = Release|Any CPU
		{C2B9F34E-0061-42D1-A44A-817A1C38653E}.Debug|Any CPU.ActiveCfg = Debug|Any CPU
		{C2B9F34E-0061-42D1-A44A-817A1C38653E}.Debug|Any CPU.Build.0 = Debug|Any CPU
		{C2B9F34E-0061-42D1-A44A-817A1C38653E}.Debug|x64.ActiveCfg = Debug|Any CPU
		{C2B9F34E-0061-42D1-A44A-817A1C38653E}.Debug|x64.Build.0 = Debug|Any CPU
		{C2B9F34E-0061-42D1-A44A-817A1C38653E}.Debug|x86.ActiveCfg = Debug|Any CPU
		{C2B9F34E-0061-42D1-A44A-817A1C38653E}.Debug|x86.Build.0 = Debug|Any CPU
		{C2B9F34E-0061-42D1-A44A-817A1C38653E}.Release|Any CPU.ActiveCfg = Release|Any CPU
		{C2B9F34E-0061-42D1-A44A-817A1C38653E}.Release|Any CPU.Build.0 = Release|Any CPU
		{C2B9F34E-0061-42D1-A44A-817A1C38653E}.Release|x64.ActiveCfg = Release|Any CPU
		{C2B9F34E-0061-42D1-A44A-817A1C38653E}.Release|x64.Build.0 = Release|Any CPU
		{C2B9F34E-0061-42D1-A44A-817A1C38653E}.Release|x86.ActiveCfg = Release|Any CPU
		{C2B9F34E-0061-42D1-A44A-817A1C38653E}.Release|x86.Build.0 = Release|Any CPU
		{B57946AF-9C41-4FB4-9063-2068B57272C6}.Debug|Any CPU.ActiveCfg = Debug|Any CPU
		{B57946AF-9C41-4FB4-9063-2068B57272C6}.Debug|Any CPU.Build.0 = Debug|Any CPU
		{B57946AF-9C41-4FB4-9063-2068B57272C6}.Debug|x64.ActiveCfg = Debug|Any CPU
		{B57946AF-9C41-4FB4-9063-2068B57272C6}.Debug|x64.Build.0 = Debug|Any CPU
		{B57946AF-9C41-4FB4-9063-2068B57272C6}.Debug|x86.ActiveCfg = Debug|Any CPU
		{B57946AF-9C41-4FB4-9063-2068B57272C6}.Debug|x86.Build.0 = Debug|Any CPU
		{B57946AF-9C41-4FB4-9063-2068B57272C6}.Release|Any CPU.ActiveCfg = Release|Any CPU
		{B57946AF-9C41-4FB4-9063-2068B57272C6}.Release|Any CPU.Build.0 = Release|Any CPU
		{B57946AF-9C41-4FB4-9063-2068B57272C6}.Release|x64.ActiveCfg = Release|Any CPU
		{B57946AF-9C41-4FB4-9063-2068B57272C6}.Release|x64.Build.0 = Release|Any CPU
		{B57946AF-9C41-4FB4-9063-2068B57272C6}.Release|x86.ActiveCfg = Release|Any CPU
		{B57946AF-9C41-4FB4-9063-2068B57272C6}.Release|x86.Build.0 = Release|Any CPU
		{5646AD3F-5349-4B1B-885B-B335070B87A4}.Debug|Any CPU.ActiveCfg = Debug|Any CPU
		{5646AD3F-5349-4B1B-885B-B335070B87A4}.Debug|Any CPU.Build.0 = Debug|Any CPU
		{5646AD3F-5349-4B1B-885B-B335070B87A4}.Debug|x64.ActiveCfg = Debug|Any CPU
		{5646AD3F-5349-4B1B-885B-B335070B87A4}.Debug|x64.Build.0 = Debug|Any CPU
		{5646AD3F-5349-4B1B-885B-B335070B87A4}.Debug|x86.ActiveCfg = Debug|Any CPU
		{5646AD3F-5349-4B1B-885B-B335070B87A4}.Debug|x86.Build.0 = Debug|Any CPU
		{5646AD3F-5349-4B1B-885B-B335070B87A4}.Release|Any CPU.ActiveCfg = Release|Any CPU
		{5646AD3F-5349-4B1B-885B-B335070B87A4}.Release|Any CPU.Build.0 = Release|Any CPU
		{5646AD3F-5349-4B1B-885B-B335070B87A4}.Release|x64.ActiveCfg = Release|Any CPU
		{5646AD3F-5349-4B1B-885B-B335070B87A4}.Release|x64.Build.0 = Release|Any CPU
		{5646AD3F-5349-4B1B-885B-B335070B87A4}.Release|x86.ActiveCfg = Release|Any CPU
		{5646AD3F-5349-4B1B-885B-B335070B87A4}.Release|x86.Build.0 = Release|Any CPU
	EndGlobalSection
	GlobalSection(SolutionProperties) = preSolution
		HideSolutionNode = FALSE
	EndGlobalSection
	GlobalSection(NestedProjects) = preSolution
		{AC71FB15-1957-446B-96DA-471E7B0FBBA1} = {9A0CCAB9-4303-13B4-2371-F1B97FF5B728}
		{533BD466-18E8-42D9-BB64-E4BB19F70A5C} = {9A0CCAB9-4303-13B4-2371-F1B97FF5B728}
		{A5AED956-3747-40C0-8E0C-2D8E418D1375} = {9A0CCAB9-4303-13B4-2371-F1B97FF5B728}
		{CA3D9337-CFAE-4034-8439-216F7DACBE49} = {9A0CCAB9-4303-13B4-2371-F1B97FF5B728}
		{1FEDA094-7820-4543-8DC6-6715929367D1} = {9A0CCAB9-4303-13B4-2371-F1B97FF5B728}
		{C2B9F34E-0061-42D1-A44A-817A1C38653E} = {9A0CCAB9-4303-13B4-2371-F1B97FF5B728}
	EndGlobalSection
EndGlobal
